PODS:
  - Capacitor (7.6.8):
    - CapacitorCordova
  - CapacitorCamera (7.0.5):
    - Capacitor
  - CapacitorCordova (7.6.8)

DEPENDENCIES:
  - "Capacitor (from `../../../node_modules/@capacitor/ios`)"
  - "CapacitorCamera (from `../../../node_modules/@capacitor/camera`)"
  - "CapacitorCordova (from `../../../node_modules/@capacitor/ios`)"

EXTERNAL SOURCES:
  Capacitor:
    :path: "../../../node_modules/@capacitor/ios"
  CapacitorCamera:
    :path: "../../../node_modules/@capacitor/camera"
  CapacitorCordova:
    :path: "../../../node_modules/@capacitor/ios"

SPEC CHECKSUMS:
  Capacitor: ff6bf01336ac353098378828aff465095a89e459
  CapacitorCamera: 9e952270be355797f769aa835bb7643a96c871fe
  CapacitorCordova: e61ee8c40101b8cd011d0224261606a290c082cf

PODFILE CHECKSUM: 7834ea56b232d16b02eb87e2a40bd87369a7c7c0

COCOAPODS: 1.17.0
